
Microsoft Visual Studio Solution File, Format Version 12.00
# Visual Studio 15
VisualStudioVersion = 15.0.28307.1321
MinimumVisualStudioVersion = 10.0.40219.1
Project("{FAE04EC0-301F-11D3-BF4B-00C04F79EFBC}") = "SmallBeginningsMadLibsGame", "SmallBeginningsMadLibsGame\SmallBeginningsMadLibsGame.csproj", "{44508A8D-B2BC-456A-BA35-6AB1A5245217}"
EndProject
Global
	GlobalSection(SolutionConfigurationPlatforms) = preSolution
		Debug|Any CPU = Debug|Any CPU
		Release|Any CPU = Release|Any CPU
	EndGlobalSection
	GlobalSection(ProjectConfigurationPlatforms) = postSolution
		{44508A8D-B2BC-456A-BA35-6AB1A5245217}.Debug|Any CPU.ActiveCfg = Debug|Any CPU
		{44508A8D-B2BC-456A-BA35-6AB1A5245217}.Debug|Any CPU.Build.0 = Debug|Any CPU
		{44508A8D-B2BC-456A-BA35-6AB1A5245217}.Release|Any CPU.ActiveCfg = Release|Any CPU
		{44508A8D-B2BC-456A-BA35-6AB1A5245217}.Release|Any CPU.Build.0 = Release|Any CPU
	EndGlobalSection
	GlobalSection(SolutionProperties) = preSolution
		HideSolutionNode = FALSE
	EndGlobalSection
	GlobalSection(ExtensibilityGlobals) = postSolution
		SolutionGuid = {CEC1E6B2-20AB-417E-904C-7F454CB71251}
	EndGlobalSection
EndGlobal
